
Microsoft Visual Studio Solution File, Format Version 12.00
# Visual Studio Version 17
VisualStudioVersion = 17.0.31903.59
MinimumVisualStudioVersion = 10.0.40219.1
Project("{2150E333-8FDC-42A3-9474-1A3956D46DE8}") = "src", "src", "{827E0CD3-B72D-47B6-A68D-7590B98EB39B}"
EndProject
Project("{2150E333-8FDC-42A3-9474-1A3956D46DE8}") = "Core", "Core", "{8D626EA8-CB54-BC41-363A-217881BEBA6E}"
EndProject
Project("{F2A71F9B-5D33-465A-A702-920D77279786}") = "CloudFlare.Core", "src\Core\CloudFlare.Core\CloudFlare.Core.fsproj", "{DB7904B5-2CD1-494F-A03E-87466B449328}"
EndProject
Project("{2150E333-8FDC-42A3-9474-1A3956D46DE8}") = "Runtime", "Runtime", "{09108480-725A-3CF3-E626-E2F33F0A58E4}"
EndProject
Project("{F2A71F9B-5D33-465A-A702-920D77279786}") = "CloudFlare.AI", "src\Runtime\CloudFlare.AI\CloudFlare.AI.fsproj", "{259DBA36-9C1B-4164-AB04-A29EFE6B4064}"
EndProject
Project("{F2A71F9B-5D33-465A-A702-920D77279786}") = "CloudFlare.Worker.Context", "src\Runtime\CloudFlare.Worker.Context\CloudFlare.Worker.Context.fsproj", "{F0F2659A-EDAE-468E-BD60-6BEE2FF9E34D}"
EndProject
Project("{2150E333-8FDC-42A3-9474-1A3956D46DE8}") = "Management", "Management", "{F3244B3D-53C5-18F9-F232-08909C1DCBB5}"
EndProject
Project("{F2A71F9B-5D33-465A-A702-920D77279786}") = "CloudFlare.Management.R2", "src\Management\CloudFlare.Management.R2\CloudFlare.Management.R2.fsproj", "{8B0B34FC-FFE3-4119-A032-C51CBDD6D6BF}"
EndProject
Project("{F2A71F9B-5D33-465A-A702-920D77279786}") = "CloudFlare.Management.D1", "src\Management\CloudFlare.Management.D1\CloudFlare.Management.D1.fsproj", "{1A1D8619-8623-492F-B5B3-E4CBD9969360}"
EndProject
Project("{F2A71F9B-5D33-465A-A702-920D77279786}") = "CloudFlare.Management.Analytics", "src\Management\CloudFlare.Management.Analytics\CloudFlare.Management.Analytics.fsproj", "{AF6E0738-7324-4CA0-807A-A8E4564564EA}"
EndProject
Project("{F2A71F9B-5D33-465A-A702-920D77279786}") = "CloudFlare.Queues", "src\Runtime\CloudFlare.Queues\CloudFlare.Queues.fsproj", "{AFBB8E14-C35E-44DF-B1ED-A14C4548E661}"
EndProject
Project("{F2A71F9B-5D33-465A-A702-920D77279786}") = "CloudFlare.Vectorize", "src\Runtime\CloudFlare.Vectorize\CloudFlare.Vectorize.fsproj", "{A428412B-FB17-476D-AA80-632FD34A213E}"
EndProject
Project("{F2A71F9B-5D33-465A-A702-920D77279786}") = "CloudFlare.Hyperdrive", "src\Runtime\CloudFlare.Hyperdrive\CloudFlare.Hyperdrive.fsproj", "{03681B30-CA6D-493D-8319-76E6C4DFB061}"
EndProject
Project("{F2A71F9B-5D33-465A-A702-920D77279786}") = "CloudFlare.DurableObjects", "src\Runtime\CloudFlare.DurableObjects\CloudFlare.DurableObjects.fsproj", "{2DE0B4C6-0DBD-4BF3-A3DD-36F40FC55794}"
EndProject
Project("{F2A71F9B-5D33-465A-A702-920D77279786}") = "CloudFlare.Management.Queues", "src\Management\CloudFlare.Management.Queues\CloudFlare.Management.Queues.fsproj", "{5038D932-BCD0-43E3-ADCB-1DCA137E4CF8}"
EndProject
Project("{F2A71F9B-5D33-465A-A702-920D77279786}") = "CloudFlare.Management.Vectorize", "src\Management\CloudFlare.Management.Vectorize\CloudFlare.Management.Vectorize.fsproj", "{4C179833-8256-44F1-9D8E-E4479FAF70B0}"
EndProject
Project("{F2A71F9B-5D33-465A-A702-920D77279786}") = "CloudFlare.Management.Hyperdrive", "src\Management\CloudFlare.Management.Hyperdrive\CloudFlare.Management.Hyperdrive.fsproj", "{694B6EA7-155D-4BB4-A538-2D1C5AC0F980}"
EndProject
Project("{F2A71F9B-5D33-465A-A702-920D77279786}") = "CloudFlare.Management.DurableObjects", "src\Management\CloudFlare.Management.DurableObjects\CloudFlare.Management.DurableObjects.fsproj", "{2870A75E-A9BB-45E0-97C4-2F8415800FF5}"
EndProject
Project("{2150E333-8FDC-42A3-9474-1A3956D46DE8}") = "tests", "tests", "{0AB3BF05-4346-4AA6-1389-037BE0695223}"
EndProject
Project("{F2A71F9B-5D33-465A-A702-920D77279786}") = "CloudFlare.Tests", "tests\CloudFlare.Tests\CloudFlare.Tests.fsproj", "{D880DB3B-AE14-4B21-AA91-3F56DD30334D}"
EndProject
Project("{F2A71F9B-5D33-465A-A702-920D77279786}") = "CloudFlare.D1", "src\Runtime\CloudFlare.D1\CloudFlare.D1.fsproj", "{846705A6-0ADE-438E-A9E1-0BB6B26519EC}"
EndProject
Project("{F2A71F9B-5D33-465A-A702-920D77279786}") = "CloudFlare.R2", "src\Runtime\CloudFlare.R2\CloudFlare.R2.fsproj", "{130A8BFB-4A9D-4934-9E59-C4CAF4FE0C7E}"
EndProject
Project("{F2A71F9B-5D33-465A-A702-920D77279786}") = "CloudFlare.KV", "src\Runtime\CloudFlare.KV\CloudFlare.KV.fsproj", "{02D52813-5D6D-4F24-B84B-8DFCAC2F7597}"
EndProject
Project("{F2A71F9B-5D33-465A-A702-920D77279786}") = "CloudFlare.Management.Workers", "src\Management\CloudFlare.Management.Workers\CloudFlare.Management.Workers.fsproj", "{7D8B790D-6AA3-4B4B-9EFC-B84E25AD1557}"
EndProject
Project("{F2A71F9B-5D33-465A-A702-920D77279786}") = "CloudFlare.Management.Pages", "src\Management\CloudFlare.Management.Pages\CloudFlare.Management.Pages.fsproj", "{2B9AAC2F-DAA7-4E6D-BA2C-3CF664B5180F}"
EndProject
Global
	GlobalSection(SolutionConfigurationPlatforms) = preSolution
		Debug|Any CPU = Debug|Any CPU
		Debug|x64 = Debug|x64
		Debug|x86 = Debug|x86
		Release|Any CPU = Release|Any CPU
		Release|x64 = Release|x64
		Release|x86 = Release|x86
	EndGlobalSection
	GlobalSection(ProjectConfigurationPlatforms) = postSolution
		{DB7904B5-2CD1-494F-A03E-87466B449328}.Debug|Any CPU.ActiveCfg = Debug|Any CPU
		{DB7904B5-2CD1-494F-A03E-87466B449328}.Debug|Any CPU.Build.0 = Debug|Any CPU
		{DB7904B5-2CD1-494F-A03E-87466B449328}.Debug|x64.ActiveCfg = Debug|Any CPU
		{DB7904B5-2CD1-494F-A03E-87466B449328}.Debug|x64.Build.0 = Debug|Any CPU
		{DB7904B5-2CD1-494F-A03E-87466B449328}.Debug|x86.ActiveCfg = Debug|Any CPU
		{DB7904B5-2CD1-494F-A03E-87466B449328}.Debug|x86.Build.0 = Debug|Any CPU
		{DB7904B5-2CD1-494F-A03E-87466B449328}.Release|Any CPU.ActiveCfg = Release|Any CPU
		{DB7904B5-2CD1-494F-A03E-87466B449328}.Release|Any CPU.Build.0 = Release|Any CPU
		{DB7904B5-2CD1-494F-A03E-87466B449328}.Release|x64.ActiveCfg = Release|Any CPU
		{DB7904B5-2CD1-494F-A03E-87466B449328}.Release|x64.Build.0 = Release|Any CPU
		{DB7904B5-2CD1-494F-A03E-87466B449328}.Release|x86.ActiveCfg = Release|Any CPU
		{DB7904B5-2CD1-494F-A03E-87466B449328}.Release|x86.Build.0 = Release|Any CPU
		{259DBA36-9C1B-4164-AB04-A29EFE6B4064}.Debug|Any CPU.ActiveCfg = Debug|Any CPU
		{259DBA36-9C1B-4164-AB04-A29EFE6B4064}.Debug|Any CPU.Build.0 = Debug|Any CPU
		{259DBA36-9C1B-4164-AB04-A29EFE6B4064}.Debug|x64.ActiveCfg = Debug|Any CPU
		{259DBA36-9C1B-4164-AB04-A29EFE6B4064}.Debug|x64.Build.0 = Debug|Any CPU
		{259DBA36-9C1B-4164-AB04-A29EFE6B4064}.Debug|x86.ActiveCfg = Debug|Any CPU
		{259DBA36-9C1B-4164-AB04-A29EFE6B4064}.Debug|x86.Build.0 = Debug|Any CPU
		{259DBA36-9C1B-4164-AB04-A29EFE6B4064}.Release|Any CPU.ActiveCfg = Release|Any CPU
		{259DBA36-9C1B-4164-AB04-A29EFE6B4064}.Release|Any CPU.Build.0 = Release|Any CPU
		{259DBA36-9C1B-4164-AB04-A29EFE6B4064}.Release|x64.ActiveCfg = Release|Any CPU
		{259DBA36-9C1B-4164-AB04-A29EFE6B4064}.Release|x64.Build.0 = Release|Any CPU
		{259DBA36-9C1B-4164-AB04-A29EFE6B4064}.Release|x86.ActiveCfg = Release|Any CPU
		{259DBA36-9C1B-4164-AB04-A29EFE6B4064}.Release|x86.Build.0 = Release|Any CPU
		{F0F2659A-EDAE-468E-BD60-6BEE2FF9E34D}.Debug|Any CPU.ActiveCfg = Debug|Any CPU
		{F0F2659A-EDAE-468E-BD60-6BEE2FF9E34D}.Debug|Any CPU.Build.0 = Debug|Any CPU
		{F0F2659A-EDAE-468E-BD60-6BEE2FF9E34D}.Debug|x64.ActiveCfg = Debug|Any CPU
		{F0F2659A-EDAE-468E-BD60-6BEE2FF9E34D}.Debug|x64.Build.0 = Debug|Any CPU
		{F0F2659A-EDAE-468E-BD60-6BEE2FF9E34D}.Debug|x86.ActiveCfg = Debug|Any CPU
		{F0F2659A-EDAE-468E-BD60-6BEE2FF9E34D}.Debug|x86.Build.0 = Debug|Any CPU
		{F0F2659A-EDAE-468E-BD60-6BEE2FF9E34D}.Release|Any CPU.ActiveCfg = Release|Any CPU
		{F0F2659A-EDAE-468E-BD60-6BEE2FF9E34D}.Release|Any CPU.Build.0 = Release|Any CPU
		{F0F2659A-EDAE-468E-BD60-6BEE2FF9E34D}.Release|x64.ActiveCfg = Release|Any CPU
		{F0F2659A-EDAE-468E-BD60-6BEE2FF9E34D}.Release|x64.Build.0 = Release|Any CPU
		{F0F2659A-EDAE-468E-BD60-6BEE2FF9E34D}.Release|x86.ActiveCfg = Release|Any CPU
		{F0F2659A-EDAE-468E-BD60-6BEE2FF9E34D}.Release|x86.Build.0 = Release|Any CPU
		{8B0B34FC-FFE3-4119-A032-C51CBDD6D6BF}.Debug|Any CPU.ActiveCfg = Debug|Any CPU
		{8B0B34FC-FFE3-4119-A032-C51CBDD6D6BF}.Debug|Any CPU.Build.0 = Debug|Any CPU
		{8B0B34FC-FFE3-4119-A032-C51CBDD6D6BF}.Debug|x64.ActiveCfg = Debug|Any CPU
		{8B0B34FC-FFE3-4119-A032-C51CBDD6D6BF}.Debug|x64.Build.0 = Debug|Any CPU
		{8B0B34FC-FFE3-4119-A032-C51CBDD6D6BF}.Debug|x86.ActiveCfg = Debug|Any CPU
		{8B0B34FC-FFE3-4119-A032-C51CBDD6D6BF}.Debug|x86.Build.0 = Debug|Any CPU
		{8B0B34FC-FFE3-4119-A032-C51CBDD6D6BF}.Release|Any CPU.ActiveCfg = Release|Any CPU
		{8B0B34FC-FFE3-4119-A032-C51CBDD6D6BF}.Release|Any CPU.Build.0 = Release|Any CPU
		{8B0B34FC-FFE3-4119-A032-C51CBDD6D6BF}.Release|x64.ActiveCfg = Release|Any CPU
		{8B0B34FC-FFE3-4119-A032-C51CBDD6D6BF}.Release|x64.Build.0 = Release|Any CPU
		{8B0B34FC-FFE3-4119-A032-C51CBDD6D6BF}.Release|x86.ActiveCfg = Release|Any CPU
		{8B0B34FC-FFE3-4119-A032-C51CBDD6D6BF}.Release|x86.Build.0 = Release|Any CPU
		{1A1D8619-8623-492F-B5B3-E4CBD9969360}.Debug|Any CPU.ActiveCfg = Debug|Any CPU
		{1A1D8619-8623-492F-B5B3-E4CBD9969360}.Debug|Any CPU.Build.0 = Debug|Any CPU
		{1A1D8619-8623-492F-B5B3-E4CBD9969360}.Debug|x64.ActiveCfg = Debug|Any CPU
		{1A1D8619-8623-492F-B5B3-E4CBD9969360}.Debug|x64.Build.0 = Debug|Any CPU
		{1A1D8619-8623-492F-B5B3-E4CBD9969360}.Debug|x86.ActiveCfg = Debug|Any CPU
		{1A1D8619-8623-492F-B5B3-E4CBD9969360}.Debug|x86.Build.0 = Debug|Any CPU
		{1A1D8619-8623-492F-B5B3-E4CBD9969360}.Release|Any CPU.ActiveCfg = Release|Any CPU
		{1A1D8619-8623-492F-B5B3-E4CBD9969360}.Release|Any CPU.Build.0 = Release|Any CPU
		{1A1D8619-8623-492F-B5B3-E4CBD9969360}.Release|x64.ActiveCfg = Release|Any CPU
		{1A1D8619-8623-492F-B5B3-E4CBD9969360}.Release|x64.Build.0 = Release|Any CPU
		{1A1D8619-8623-492F-B5B3-E4CBD9969360}.Release|x86.ActiveCfg = Release|Any CPU
		{1A1D8619-8623-492F-B5B3-E4CBD9969360}.Release|x86.Build.0 = Release|Any CPU
		{AF6E0738-7324-4CA0-807A-A8E4564564EA}.Debug|Any CPU.ActiveCfg = Debug|Any CPU
		{AF6E0738-7324-4CA0-807A-A8E4564564EA}.Debug|Any CPU.Build.0 = Debug|Any CPU
		{AF6E0738-7324-4CA0-807A-A8E4564564EA}.Debug|x64.ActiveCfg = Debug|Any CPU
		{AF6E0738-7324-4CA0-807A-A8E4564564EA}.Debug|x64.Build.0 = Debug|Any CPU
		{AF6E0738-7324-4CA0-807A-A8E4564564EA}.Debug|x86.ActiveCfg = Debug|Any CPU
		{AF6E0738-7324-4CA0-807A-A8E4564564EA}.Debug|x86.Build.0 = Debug|Any CPU
		{AF6E0738-7324-4CA0-807A-A8E4564564EA}.Release|Any CPU.ActiveCfg = Release|Any CPU
		{AF6E0738-7324-4CA0-807A-A8E4564564EA}.Release|Any CPU.Build.0 = Release|Any CPU
		{AF6E0738-7324-4CA0-807A-A8E4564564EA}.Release|x64.ActiveCfg = Release|Any CPU
		{AF6E0738-7324-4CA0-807A-A8E4564564EA}.Release|x64.Build.0 = Release|Any CPU
		{AF6E0738-7324-4CA0-807A-A8E4564564EA}.Release|x86.ActiveCfg = Release|Any CPU
		{AF6E0738-7324-4CA0-807A-A8E4564564EA}.Release|x86.Build.0 = Release|Any CPU
		{AFBB8E14-C35E-44DF-B1ED-A14C4548E661}.Debug|Any CPU.ActiveCfg = Debug|Any CPU
		{AFBB8E14-C35E-44DF-B1ED-A14C4548E661}.Debug|Any CPU.Build.0 = Debug|Any CPU
		{AFBB8E14-C35E-44DF-B1ED-A14C4548E661}.Debug|x64.ActiveCfg = Debug|Any CPU
		{AFBB8E14-C35E-44DF-B1ED-A14C4548E661}.Debug|x64.Build.0 = Debug|Any CPU
		{AFBB8E14-C35E-44DF-B1ED-A14C4548E661}.Debug|x86.ActiveCfg = Debug|Any CPU
		{AFBB8E14-C35E-44DF-B1ED-A14C4548E661}.Debug|x86.Build.0 = Debug|Any CPU
		{AFBB8E14-C35E-44DF-B1ED-A14C4548E661}.Release|Any CPU.ActiveCfg = Release|Any CPU
		{AFBB8E14-C35E-44DF-B1ED-A14C4548E661}.Release|Any CPU.Build.0 = Release|Any CPU
		{AFBB8E14-C35E-44DF-B1ED-A14C4548E661}.Release|x64.ActiveCfg = Release|Any CPU
		{AFBB8E14-C35E-44DF-B1ED-A14C4548E661}.Release|x64.Build.0 = Release|Any CPU
		{AFBB8E14-C35E-44DF-B1ED-A14C4548E661}.Release|x86.ActiveCfg = Release|Any CPU
		{AFBB8E14-C35E-44DF-B1ED-A14C4548E661}.Release|x86.Build.0 = Release|Any CPU
		{A428412B-FB17-476D-AA80-632FD34A213E}.Debug|Any CPU.ActiveCfg = Debug|Any CPU
		{A428412B-FB17-476D-AA80-632FD34A213E}.Debug|Any CPU.Build.0 = Debug|Any CPU
		{A428412B-FB17-476D-AA80-632FD34A213E}.Debug|x64.ActiveCfg = Debug|Any CPU
		{A428412B-FB17-476D-AA80-632FD34A213E}.Debug|x64.Build.0 = Debug|Any CPU
		{A428412B-FB17-476D-AA80-632FD34A213E}.Debug|x86.ActiveCfg = Debug|Any CPU
		{A428412B-FB17-476D-AA80-632FD34A213E}.Debug|x86.Build.0 = Debug|Any CPU
		{A428412B-FB17-476D-AA80-632FD34A213E}.Release|Any CPU.ActiveCfg = Release|Any CPU
		{A428412B-FB17-476D-AA80-632FD34A213E}.Release|Any CPU.Build.0 = Release|Any CPU
		{A428412B-FB17-476D-AA80-632FD34A213E}.Release|x64.ActiveCfg = Release|Any CPU
		{A428412B-FB17-476D-AA80-632FD34A213E}.Release|x64.Build.0 = Release|Any CPU
		{A428412B-FB17-476D-AA80-632FD34A213E}.Release|x86.ActiveCfg = Release|Any CPU
		{A428412B-FB17-476D-AA80-632FD34A213E}.Release|x86.Build.0 = Release|Any CPU
		{03681B30-CA6D-493D-8319-76E6C4DFB061}.Debug|Any CPU.ActiveCfg = Debug|Any CPU
		{03681B30-CA6D-493D-8319-76E6C4DFB061}.Debug|Any CPU.Build.0 = Debug|Any CPU
		{03681B30-CA6D-493D-8319-76E6C4DFB061}.Debug|x64.ActiveCfg = Debug|Any CPU
		{03681B30-CA6D-493D-8319-76E6C4DFB061}.Debug|x64.Build.0 = Debug|Any CPU
		{03681B30-CA6D-493D-8319-76E6C4DFB061}.Debug|x86.ActiveCfg = Debug|Any CPU
		{03681B30-CA6D-493D-8319-76E6C4DFB061}.Debug|x86.Build.0 = Debug|Any CPU
		{03681B30-CA6D-493D-8319-76E6C4DFB061}.Release|Any CPU.ActiveCfg = Release|Any CPU
		{03681B30-CA6D-493D-8319-76E6C4DFB061}.Release|Any CPU.Build.0 = Release|Any CPU
		{03681B30-CA6D-493D-8319-76E6C4DFB061}.Release|x64.ActiveCfg = Release|Any CPU
		{03681B30-CA6D-493D-8319-76E6C4DFB061}.Release|x64.Build.0 = Release|Any CPU
		{03681B30-CA6D-493D-8319-76E6C4DFB061}.Release|x86.ActiveCfg = Release|Any CPU
		{03681B30-CA6D-493D-8319-76E6C4DFB061}.Release|x86.Build.0 = Release|Any CPU
		{2DE0B4C6-0DBD-4BF3-A3DD-36F40FC55794}.Debug|Any CPU.ActiveCfg = Debug|Any CPU
		{2DE0B4C6-0DBD-4BF3-A3DD-36F40FC55794}.Debug|Any CPU.Build.0 = Debug|Any CPU
		{2DE0B4C6-0DBD-4BF3-A3DD-36F40FC55794}.Debug|x64.ActiveCfg = Debug|Any CPU
		{2DE0B4C6-0DBD-4BF3-A3DD-36F40FC55794}.Debug|x64.Build.0 = Debug|Any CPU
		{2DE0B4C6-0DBD-4BF3-A3DD-36F40FC55794}.Debug|x86.ActiveCfg = Debug|Any CPU
		{2DE0B4C6-0DBD-4BF3-A3DD-36F40FC55794}.Debug|x86.Build.0 = Debug|Any CPU
		{2DE0B4C6-0DBD-4BF3-A3DD-36F40FC55794}.Release|Any CPU.ActiveCfg = Release|Any CPU
		{2DE0B4C6-0DBD-4BF3-A3DD-36F40FC55794}.Release|Any CPU.Build.0 = Release|Any CPU
		{2DE0B4C6-0DBD-4BF3-A3DD-36F40FC55794}.Release|x64.ActiveCfg = Release|Any CPU
		{2DE0B4C6-0DBD-4BF3-A3DD-36F40FC55794}.Release|x64.Build.0 = Release|Any CPU
		{2DE0B4C6-0DBD-4BF3-A3DD-36F40FC55794}.Release|x86.ActiveCfg = Release|Any CPU
		{2DE0B4C6-0DBD-4BF3-A3DD-36F40FC55794}.Release|x86.Build.0 = Release|Any CPU
		{5038D932-BCD0-43E3-ADCB-1DCA137E4CF8}.Debug|Any CPU.ActiveCfg = Debug|Any CPU
		{5038D932-BCD0-43E3-ADCB-1DCA137E4CF8}.Debug|Any CPU.Build.0 = Debug|Any CPU
		{5038D932-BCD0-43E3-ADCB-1DCA137E4CF8}.Debug|x64.ActiveCfg = Debug|Any CPU
		{5038D932-BCD0-43E3-ADCB-1DCA137E4CF8}.Debug|x64.Build.0 = Debug|Any CPU
		{5038D932-BCD0-43E3-ADCB-1DCA137E4CF8}.Debug|x86.ActiveCfg = Debug|Any CPU
		{5038D932-BCD0-43E3-ADCB-1DCA137E4CF8}.Debug|x86.Build.0 = Debug|Any CPU
		{5038D932-BCD0-43E3-ADCB-1DCA137E4CF8}.Release|Any CPU.ActiveCfg = Release|Any CPU
		{5038D932-BCD0-43E3-ADCB-1DCA137E4CF8}.Release|Any CPU.Build.0 = Release|Any CPU
		{5038D932-BCD0-43E3-ADCB-1DCA137E4CF8}.Release|x64.ActiveCfg = Release|Any CPU
		{5038D932-BCD0-43E3-ADCB-1DCA137E4CF8}.Release|x64.Build.0 = Release|Any CPU
		{5038D932-BCD0-43E3-ADCB-1DCA137E4CF8}.Release|x86.ActiveCfg = Release|Any CPU
		{5038D932-BCD0-43E3-ADCB-1DCA137E4CF8}.Release|x86.Build.0 = Release|Any CPU
		{4C179833-8256-44F1-9D8E-E4479FAF70B0}.Debug|Any CPU.ActiveCfg = Debug|Any CPU
		{4C179833-8256-44F1-9D8E-E4479FAF70B0}.Debug|Any CPU.Build.0 = Debug|Any CPU
		{4C179833-8256-44F1-9D8E-E4479FAF70B0}.Debug|x64.ActiveCfg = Debug|Any CPU
		{4C179833-8256-44F1-9D8E-E4479FAF70B0}.Debug|x64.Build.0 = Debug|Any CPU
		{4C179833-8256-44F1-9D8E-E4479FAF70B0}.Debug|x86.ActiveCfg = Debug|Any CPU
		{4C179833-8256-44F1-9D8E-E4479FAF70B0}.Debug|x86.Build.0 = Debug|Any CPU
		{4C179833-8256-44F1-9D8E-E4479FAF70B0}.Release|Any CPU.ActiveCfg = Release|Any CPU
		{4C179833-8256-44F1-9D8E-E4479FAF70B0}.Release|Any CPU.Build.0 = Release|Any CPU
		{4C179833-8256-44F1-9D8E-E4479FAF70B0}.Release|x64.ActiveCfg = Release|Any CPU
		{4C179833-8256-44F1-9D8E-E4479FAF70B0}.Release|x64.Build.0 = Release|Any CPU
		{4C179833-8256-44F1-9D8E-E4479FAF70B0}.Release|x86.ActiveCfg = Release|Any CPU
		{4C179833-8256-44F1-9D8E-E4479FAF70B0}.Release|x86.Build.0 = Release|Any CPU
		{694B6EA7-155D-4BB4-A538-2D1C5AC0F980}.Debug|Any CPU.ActiveCfg = Debug|Any CPU
		{694B6EA7-155D-4BB4-A538-2D1C5AC0F980}.Debug|Any CPU.Build.0 = Debug|Any CPU
		{694B6EA7-155D-4BB4-A538-2D1C5AC0F980}.Debug|x64.ActiveCfg = Debug|Any CPU
		{694B6EA7-155D-4BB4-A538-2D1C5AC0F980}.Debug|x64.Build.0 = Debug|Any CPU
		{694B6EA7-155D-4BB4-A538-2D1C5AC0F980}.Debug|x86.ActiveCfg = Debug|Any CPU
		{694B6EA7-155D-4BB4-A538-2D1C5AC0F980}.Debug|x86.Build.0 = Debug|Any CPU
		{694B6EA7-155D-4BB4-A538-2D1C5AC0F980}.Release|Any CPU.ActiveCfg = Release|Any CPU
		{694B6EA7-155D-4BB4-A538-2D1C5AC0F980}.Release|Any CPU.Build.0 = Release|Any CPU
		{694B6EA7-155D-4BB4-A538-2D1C5AC0F980}.Release|x64.ActiveCfg = Release|Any CPU
		{694B6EA7-155D-4BB4-A538-2D1C5AC0F980}.Release|x64.Build.0 = Release|Any CPU
		{694B6EA7-155D-4BB4-A538-2D1C5AC0F980}.Release|x86.ActiveCfg = Release|Any CPU
		{694B6EA7-155D-4BB4-A538-2D1C5AC0F980}.Release|x86.Build.0 = Release|Any CPU
		{2870A75E-A9BB-45E0-97C4-2F8415800FF5}.Debug|Any CPU.ActiveCfg = Debug|Any CPU
		{2870A75E-A9BB-45E0-97C4-2F8415800FF5}.Debug|Any CPU.Build.0 = Debug|Any CPU
		{2870A75E-A9BB-45E0-97C4-2F8415800FF5}.Debug|x64.ActiveCfg = Debug|Any CPU
		{2870A75E-A9BB-45E0-97C4-2F8415800FF5}.Debug|x64.Build.0 = Debug|Any CPU
		{2870A75E-A9BB-45E0-97C4-2F8415800FF5}.Debug|x86.ActiveCfg = Debug|Any CPU
		{2870A75E-A9BB-45E0-97C4-2F8415800FF5}.Debug|x86.Build.0 = Debug|Any CPU
		{2870A75E-A9BB-45E0-97C4-2F8415800FF5}.Release|Any CPU.ActiveCfg = Release|Any CPU
		{2870A75E-A9BB-45E0-97C4-2F8415800FF5}.Release|Any CPU.Build.0 = Release|Any CPU
		{2870A75E-A9BB-45E0-97C4-2F8415800FF5}.Release|x64.ActiveCfg = Release|Any CPU
		{2870A75E-A9BB-45E0-97C4-2F8415800FF5}.Release|x64.Build.0 = Release|Any CPU
		{2870A75E-A9BB-45E0-97C4-2F8415800FF5}.Release|x86.ActiveCfg = Release|Any CPU
		{2870A75E-A9BB-45E0-97C4-2F8415800FF5}.Release|x86.Build.0 = Release|Any CPU
		{D880DB3B-AE14-4B21-AA91-3F56DD30334D}.Debug|Any CPU.ActiveCfg = Debug|Any CPU
		{D880DB3B-AE14-4B21-AA91-3F56DD30334D}.Debug|Any CPU.Build.0 = Debug|Any CPU
		{D880DB3B-AE14-4B21-AA91-3F56DD30334D}.Debug|x64.ActiveCfg = Debug|Any CPU
		{D880DB3B-AE14-4B21-AA91-3F56DD30334D}.Debug|x64.Build.0 = Debug|Any CPU
		{D880DB3B-AE14-4B21-AA91-3F56DD30334D}.Debug|x86.ActiveCfg = Debug|Any CPU
		{D880DB3B-AE14-4B21-AA91-3F56DD30334D}.Debug|x86.Build.0 = Debug|Any CPU
		{D880DB3B-AE14-4B21-AA91-3F56DD30334D}.Release|Any CPU.ActiveCfg = Release|Any CPU
		{D880DB3B-AE14-4B21-AA91-3F56DD30334D}.Release|Any CPU.Build.0 = Release|Any CPU
		{D880DB3B-AE14-4B21-AA91-3F56DD30334D}.Release|x64.ActiveCfg = Release|Any CPU
		{D880DB3B-AE14-4B21-AA91-3F56DD30334D}.Release|x64.Build.0 = Release|Any CPU
		{D880DB3B-AE14-4B21-AA91-3F56DD30334D}.Release|x86.ActiveCfg = Release|Any CPU
		{D880DB3B-AE14-4B21-AA91-3F56DD30334D}.Release|x86.Build.0 = Release|Any CPU
		{846705A6-0ADE-438E-A9E1-0BB6B26519EC}.Debug|Any CPU.ActiveCfg = Debug|Any CPU
		{846705A6-0ADE-438E-A9E1-0BB6B26519EC}.Debug|Any CPU.Build.0 = Debug|Any CPU
		{846705A6-0ADE-438E-A9E1-0BB6B26519EC}.Debug|x64.ActiveCfg = Debug|Any CPU
		{846705A6-0ADE-438E-A9E1-0BB6B26519EC}.Debug|x64.Build.0 = Debug|Any CPU
		{846705A6-0ADE-438E-A9E1-0BB6B26519EC}.Debug|x86.ActiveCfg = Debug|Any CPU
		{846705A6-0ADE-438E-A9E1-0BB6B26519EC}.Debug|x86.Build.0 = Debug|Any CPU
		{846705A6-0ADE-438E-A9E1-0BB6B26519EC}.Release|Any CPU.ActiveCfg = Release|Any CPU
		{846705A6-0ADE-438E-A9E1-0BB6B26519EC}.Release|Any CPU.Build.0 = Release|Any CPU
		{846705A6-0ADE-438E-A9E1-0BB6B26519EC}.Release|x64.ActiveCfg = Release|Any CPU
		{846705A6-0ADE-438E-A9E1-0BB6B26519EC}.Release|x64.Build.0 = Release|Any CPU
		{846705A6-0ADE-438E-A9E1-0BB6B26519EC}.Release|x86.ActiveCfg = Release|Any CPU
		{846705A6-0ADE-438E-A9E1-0BB6B26519EC}.Release|x86.Build.0 = Release|Any CPU
		{130A8BFB-4A9D-4934-9E59-C4CAF4FE0C7E}.Debug|Any CPU.ActiveCfg = Debug|Any CPU
		{130A8BFB-4A9D-4934-9E59-C4CAF4FE0C7E}.Debug|Any CPU.Build.0 = Debug|Any CPU
		{130A8BFB-4A9D-4934-9E59-C4CAF4FE0C7E}.Debug|x64.ActiveCfg = Debug|Any CPU
		{130A8BFB-4A9D-4934-9E59-C4CAF4FE0C7E}.Debug|x64.Build.0 = Debug|Any CPU
		{130A8BFB-4A9D-4934-9E59-C4CAF4FE0C7E}.Debug|x86.ActiveCfg = Debug|Any CPU
		{130A8BFB-4A9D-4934-9E59-C4CAF4FE0C7E}.Debug|x86.Build.0 = Debug|Any CPU
		{130A8BFB-4A9D-4934-9E59-C4CAF4FE0C7E}.Release|Any CPU.ActiveCfg = Release|Any CPU
		{130A8BFB-4A9D-4934-9E59-C4CAF4FE0C7E}.Release|Any CPU.Build.0 = Release|Any CPU
		{130A8BFB-4A9D-4934-9E59-C4CAF4FE0C7E}.Release|x64.ActiveCfg = Release|Any CPU
		{130A8BFB-4A9D-4934-9E59-C4CAF4FE0C7E}.Release|x64.Build.0 = Release|Any CPU
		{130A8BFB-4A9D-4934-9E59-C4CAF4FE0C7E}.Release|x86.ActiveCfg = Release|Any CPU
		{130A8BFB-4A9D-4934-9E59-C4CAF4FE0C7E}.Release|x86.Build.0 = Release|Any CPU
		{02D52813-5D6D-4F24-B84B-8DFCAC2F7597}.Debug|Any CPU.ActiveCfg = Debug|Any CPU
		{02D52813-5D6D-4F24-B84B-8DFCAC2F7597}.Debug|Any CPU.Build.0 = Debug|Any CPU
		{02D52813-5D6D-4F24-B84B-8DFCAC2F7597}.Debug|x64.ActiveCfg = Debug|Any CPU
		{02D52813-5D6D-4F24-B84B-8DFCAC2F7597}.Debug|x64.Build.0 = Debug|Any CPU
		{02D52813-5D6D-4F24-B84B-8DFCAC2F7597}.Debug|x86.ActiveCfg = Debug|Any CPU
		{02D52813-5D6D-4F24-B84B-8DFCAC2F7597}.Debug|x86.Build.0 = Debug|Any CPU
		{02D52813-5D6D-4F24-B84B-8DFCAC2F7597}.Release|Any CPU.ActiveCfg = Release|Any CPU
		{02D52813-5D6D-4F24-B84B-8DFCAC2F7597}.Release|Any CPU.Build.0 = Release|Any CPU
		{02D52813-5D6D-4F24-B84B-8DFCAC2F7597}.Release|x64.ActiveCfg = Release|Any CPU
		{02D52813-5D6D-4F24-B84B-8DFCAC2F7597}.Release|x64.Build.0 = Release|Any CPU
		{02D52813-5D6D-4F24-B84B-8DFCAC2F7597}.Release|x86.ActiveCfg = Release|Any CPU
		{02D52813-5D6D-4F24-B84B-8DFCAC2F7597}.Release|x86.Build.0 = Release|Any CPU
		{7D8B790D-6AA3-4B4B-9EFC-B84E25AD1557}.Debug|Any CPU.ActiveCfg = Debug|Any CPU
		{7D8B790D-6AA3-4B4B-9EFC-B84E25AD1557}.Debug|Any CPU.Build.0 = Debug|Any CPU
		{7D8B790D-6AA3-4B4B-9EFC-B84E25AD1557}.Debug|x64.ActiveCfg = Debug|Any CPU
		{7D8B790D-6AA3-4B4B-9EFC-B84E25AD1557}.Debug|x64.Build.0 = Debug|Any CPU
		{7D8B790D-6AA3-4B4B-9EFC-B84E25AD1557}.Debug|x86.ActiveCfg = Debug|Any CPU
		{7D8B790D-6AA3-4B4B-9EFC-B84E25AD1557}.Debug|x86.Build.0 = Debug|Any CPU
		{7D8B790D-6AA3-4B4B-9EFC-B84E25AD1557}.Release|Any CPU.ActiveCfg = Release|Any CPU
		{7D8B790D-6AA3-4B4B-9EFC-B84E25AD1557}.Release|Any CPU.Build.0 = Release|Any CPU
		{7D8B790D-6AA3-4B4B-9EFC-B84E25AD1557}.Release|x64.ActiveCfg = Release|Any CPU
		{7D8B790D-6AA3-4B4B-9EFC-B84E25AD1557}.Release|x64.Build.0 = Release|Any CPU
		{7D8B790D-6AA3-4B4B-9EFC-B84E25AD1557}.Release|x86.ActiveCfg = Release|Any CPU
		{7D8B790D-6AA3-4B4B-9EFC-B84E25AD1557}.Release|x86.Build.0 = Release|Any CPU
		{2B9AAC2F-DAA7-4E6D-BA2C-3CF664B5180F}.Debug|Any CPU.ActiveCfg = Debug|Any CPU
		{2B9AAC2F-DAA7-4E6D-BA2C-3CF664B5180F}.Debug|Any CPU.Build.0 = Debug|Any CPU
		{2B9AAC2F-DAA7-4E6D-BA2C-3CF664B5180F}.Debug|x64.ActiveCfg = Debug|Any CPU
		{2B9AAC2F-DAA7-4E6D-BA2C-3CF664B5180F}.Debug|x64.Build.0 = Debug|Any CPU
		{2B9AAC2F-DAA7-4E6D-BA2C-3CF664B5180F}.Debug|x86.ActiveCfg = Debug|Any CPU
		{2B9AAC2F-DAA7-4E6D-BA2C-3CF664B5180F}.Debug|x86.Build.0 = Debug|Any CPU
		{2B9AAC2F-DAA7-4E6D-BA2C-3CF664B5180F}.Release|Any CPU.ActiveCfg = Release|Any CPU
		{2B9AAC2F-DAA7-4E6D-BA2C-3CF664B5180F}.Release|Any CPU.Build.0 = Release|Any CPU
		{2B9AAC2F-DAA7-4E6D-BA2C-3CF664B5180F}.Release|x64.ActiveCfg = Release|Any CPU
		{2B9AAC2F-DAA7-4E6D-BA2C-3CF664B5180F}.Release|x64.Build.0 = Release|Any CPU
		{2B9AAC2F-DAA7-4E6D-BA2C-3CF664B5180F}.Release|x86.ActiveCfg = Release|Any CPU
		{2B9AAC2F-DAA7-4E6D-BA2C-3CF664B5180F}.Release|x86.Build.0 = Release|Any CPU
	EndGlobalSection
	GlobalSection(SolutionProperties) = preSolution
		HideSolutionNode = FALSE
	EndGlobalSection
	GlobalSection(NestedProjects) = preSolution
		{8D626EA8-CB54-BC41-363A-217881BEBA6E} = {827E0CD3-B72D-47B6-A68D-7590B98EB39B}
		{DB7904B5-2CD1-494F-A03E-87466B449328} = {8D626EA8-CB54-BC41-363A-217881BEBA6E}
		{09108480-725A-3CF3-E626-E2F33F0A58E4} = {827E0CD3-B72D-47B6-A68D-7590B98EB39B}
		{259DBA36-9C1B-4164-AB04-A29EFE6B4064} = {09108480-725A-3CF3-E626-E2F33F0A58E4}
		{F0F2659A-EDAE-468E-BD60-6BEE2FF9E34D} = {09108480-725A-3CF3-E626-E2F33F0A58E4}
		{F3244B3D-53C5-18F9-F232-08909C1DCBB5} = {827E0CD3-B72D-47B6-A68D-7590B98EB39B}
		{8B0B34FC-FFE3-4119-A032-C51CBDD6D6BF} = {F3244B3D-53C5-18F9-F232-08909C1DCBB5}
		{1A1D8619-8623-492F-B5B3-E4CBD9969360} = {F3244B3D-53C5-18F9-F232-08909C1DCBB5}
		{AF6E0738-7324-4CA0-807A-A8E4564564EA} = {F3244B3D-53C5-18F9-F232-08909C1DCBB5}
		{AFBB8E14-C35E-44DF-B1ED-A14C4548E661} = {09108480-725A-3CF3-E626-E2F33F0A58E4}
		{A428412B-FB17-476D-AA80-632FD34A213E} = {09108480-725A-3CF3-E626-E2F33F0A58E4}
		{03681B30-CA6D-493D-8319-76E6C4DFB061} = {09108480-725A-3CF3-E626-E2F33F0A58E4}
		{2DE0B4C6-0DBD-4BF3-A3DD-36F40FC55794} = {09108480-725A-3CF3-E626-E2F33F0A58E4}
		{5038D932-BCD0-43E3-ADCB-1DCA137E4CF8} = {F3244B3D-53C5-18F9-F232-08909C1DCBB5}
		{4C179833-8256-44F1-9D8E-E4479FAF70B0} = {F3244B3D-53C5-18F9-F232-08909C1DCBB5}
		{694B6EA7-155D-4BB4-A538-2D1C5AC0F980} = {F3244B3D-53C5-18F9-F232-08909C1DCBB5}
		{2870A75E-A9BB-45E0-97C4-2F8415800FF5} = {F3244B3D-53C5-18F9-F232-08909C1DCBB5}
		{D880DB3B-AE14-4B21-AA91-3F56DD30334D} = {0AB3BF05-4346-4AA6-1389-037BE0695223}
		{846705A6-0ADE-438E-A9E1-0BB6B26519EC} = {09108480-725A-3CF3-E626-E2F33F0A58E4}
		{130A8BFB-4A9D-4934-9E59-C4CAF4FE0C7E} = {09108480-725A-3CF3-E626-E2F33F0A58E4}
		{02D52813-5D6D-4F24-B84B-8DFCAC2F7597} = {09108480-725A-3CF3-E626-E2F33F0A58E4}
		{7D8B790D-6AA3-4B4B-9EFC-B84E25AD1557} = {F3244B3D-53C5-18F9-F232-08909C1DCBB5}
		{2B9AAC2F-DAA7-4E6D-BA2C-3CF664B5180F} = {F3244B3D-53C5-18F9-F232-08909C1DCBB5}
	EndGlobalSection
EndGlobal
